
Microsoft Visual Studio Solution File, Format Version 12.00
# Visual Studio Version 16
VisualStudioVersion = 16.0.31205.134
MinimumVisualStudioVersion = 10.0.40219.1
Project("{FAE04EC0-301F-11D3-BF4B-00C04F79EFBC}") = "CessumBot", "CessumBot\CessumBot.csproj", "{A4FB2AAD-E040-4DBD-9F00-F6136A18CA03}"
EndProject
Project("{FAE04EC0-301F-11D3-BF4B-00C04F79EFBC}") = "CessumBot.Core", "CessumBot.Core\CessumBot.Core.csproj", "{DFCFF75B-ABD2-4515-BF2B-D17F4F579A93}"
EndProject
Project("{FAE04EC0-301F-11D3-BF4B-00C04F79EFBC}") = "CessumBot.Discord", "CessumBot.Discord\CessumBot.Discord.csproj", "{EA1186D4-FA7C-4303-B8EE-01D8B3A708BF}"
EndProject
Project("{2150E333-8FDC-42A3-9474-1A3956D46DE8}") = "sln", "sln", "{C4CD66E0-1F25-440D-ADAC-9758303DC2BA}"
	ProjectSection(SolutionItems) = preProject
		.gitattributes = .gitattributes
		.gitignore = .gitignore
		NuGet.config = NuGet.config
	EndProjectSection
EndProject
Global
	GlobalSection(SolutionConfigurationPlatforms) = preSolution
		Debug|Any CPU = Debug|Any CPU
		Release|Any CPU = Release|Any CPU
	EndGlobalSection
	GlobalSection(ProjectConfigurationPlatforms) = postSolution
		{A4FB2AAD-E040-4DBD-9F00-F6136A18CA03}.Debug|Any CPU.ActiveCfg = Debug|Any CPU
		{A4FB2AAD-E040-4DBD-9F00-F6136A18CA03}.Debug|Any CPU.Build.0 = Debug|Any CPU
		{A4FB2AAD-E040-4DBD-9F00-F6136A18CA03}.Release|Any CPU.ActiveCfg = Release|Any CPU
		{A4FB2AAD-E040-4DBD-9F00-F6136A18CA03}.Release|Any CPU.Build.0 = Release|Any CPU
		{DFCFF75B-ABD2-4515-BF2B-D17F4F579A93}.Debug|Any CPU.ActiveCfg = Debug|Any CPU
		{DFCFF75B-ABD2-4515-BF2B-D17F4F579A93}.Debug|Any CPU.Build.0 = Debug|Any CPU
		{DFCFF75B-ABD2-4515-BF2B-D17F4F579A93}.Release|Any CPU.ActiveCfg = Release|Any CPU
		{DFCFF75B-ABD2-4515-BF2B-D17F4F579A93}.Release|Any CPU.Build.0 = Release|Any CPU
		{EA1186D4-FA7C-4303-B8EE-01D8B3A708BF}.Debug|Any CPU.ActiveCfg = Debug|Any CPU
		{EA1186D4-FA7C-4303-B8EE-01D8B3A708BF}.Debug|Any CPU.Build.0 = Debug|Any CPU
		{EA1186D4-FA7C-4303-B8EE-01D8B3A708BF}.Release|Any CPU.ActiveCfg = Release|Any CPU
		{EA1186D4-FA7C-4303-B8EE-01D8B3A708BF}.Release|Any CPU.Build.0 = Release|Any CPU
	EndGlobalSection
	GlobalSection(SolutionProperties) = preSolution
		HideSolutionNode = FALSE
	EndGlobalSection
	GlobalSection(ExtensibilityGlobals) = postSolution
		SolutionGuid = {E46BC369-07A2-4353-8F6B-9228EFCDE100}
	EndGlobalSection
EndGlobal
